
Microsoft Visual Studio Solution File, Format Version 12.00
# Visual Studio Version 17
VisualStudioVersion = 17.0.31903.59
MinimumVisualStudioVersion = 10.0.40219.1
Project("{2150E333-8FDC-42A3-9474-1A3956D46DE8}") = "src", "src", "{827E0CD3-B72D-47B6-A68D-7590B98EB39B}"
EndProject
Project("{2150E333-8FDC-42A3-9474-1A3956D46DE8}") = "core", "core", "{8D626EA8-CB54-BC41-363A-217881BEBA6E}"
EndProject
Project("{FAE04EC0-301F-11D3-BF4B-00C04F79EFBC}") = "Lwrp.Domain", "src\core\Lwrp.Domain\Lwrp.Domain.csproj", "{8DD0D6FE-66B1-4614-A7EE-B951327C3B19}"
EndProject
Project("{FAE04EC0-301F-11D3-BF4B-00C04F79EFBC}") = "Lwrp.Application", "src\core\Lwrp.Application\Lwrp.Application.csproj", "{8ABC5208-161E-49B7-AD2C-F6D2D340F39B}"
EndProject
Project("{2150E333-8FDC-42A3-9474-1A3956D46DE8}") = "infrastructure", "infrastructure", "{9048EB7F-3875-A59E-E36B-5BD4C6F2A282}"
EndProject
Project("{FAE04EC0-301F-11D3-BF4B-00C04F79EFBC}") = "Lwrp.LivewireClient", "src\infrastructure\Lwrp.LivewireClient\Lwrp.LivewireClient.csproj", "{7081858D-F345-4CA7-9DA9-C64EEB8A0189}"
EndProject
Project("{FAE04EC0-301F-11D3-BF4B-00C04F79EFBC}") = "Lwrp.Persistence", "src\infrastructure\Lwrp.Persistence\Lwrp.Persistence.csproj", "{94DCED2A-4A3F-4202-9EA2-6218BD4BD6FD}"
EndProject
Project("{2150E333-8FDC-42A3-9474-1A3956D46DE8}") = "api", "api", "{81034408-37C8-1011-444E-4C15C2FADA8E}"
EndProject
Project("{FAE04EC0-301F-11D3-BF4B-00C04F79EFBC}") = "Lwrp.Api", "src\api\Lwrp.Api\Lwrp.Api.csproj", "{F0BF8AE0-7258-4CF1-95C5-A6383311C5E6}"
EndProject
Project("{2150E333-8FDC-42A3-9474-1A3956D46DE8}") = "shared", "shared", "{C8E42992-5E42-0C2B-DBFE-AA848D06431C}"
EndProject
Project("{FAE04EC0-301F-11D3-BF4B-00C04F79EFBC}") = "Lwrp.Contracts", "src\shared\Lwrp.Contracts\Lwrp.Contracts.csproj", "{D843D0ED-C508-47FF-992A-0CC19516A6E1}"
EndProject
Project("{2150E333-8FDC-42A3-9474-1A3956D46DE8}") = "tests", "tests", "{0AB3BF05-4346-4AA6-1389-037BE0695223}"
EndProject
Project("{2150E333-8FDC-42A3-9474-1A3956D46DE8}") = "unit", "unit", "{9D556B49-86D1-93A7-9596-FFAAB74EC556}"
EndProject
Project("{FAE04EC0-301F-11D3-BF4B-00C04F79EFBC}") = "Lwrp.Domain.UnitTests", "tests\unit\Lwrp.Domain.UnitTests\Lwrp.Domain.UnitTests.csproj", "{E16846D2-D3A4-4E8D-8A06-60B904201431}"
EndProject
Project("{FAE04EC0-301F-11D3-BF4B-00C04F79EFBC}") = "Lwrp.Application.UnitTests", "tests\unit\Lwrp.Application.UnitTests\Lwrp.Application.UnitTests.csproj", "{D72EDD98-DF42-4816-82B0-EE9C04765921}"
EndProject
Project("{2150E333-8FDC-42A3-9474-1A3956D46DE8}") = "integration", "integration", "{28A6993C-471E-82FE-7D9E-AD3B1EC22BD9}"
EndProject
Project("{FAE04EC0-301F-11D3-BF4B-00C04F79EFBC}") = "Lwrp.Api.IntegrationTests", "tests\integration\Lwrp.Api.IntegrationTests\Lwrp.Api.IntegrationTests.csproj", "{0790F2C8-6C8A-490F-B3FF-9EE3D2F4E611}"
EndProject
Project("{FAE04EC0-301F-11D3-BF4B-00C04F79EFBC}") = "Lwrp.Infrastructure.IntegrationTests", "tests\integration\Lwrp.Infrastructure.IntegrationTests\Lwrp.Infrastructure.IntegrationTests.csproj", "{D20A8CD8-0970-44F9-86C5-4BFC2D24F33C}"
EndProject
Project("{2150E333-8FDC-42A3-9474-1A3956D46DE8}") = "component", "component", "{E534675D-23C0-DA13-A357-BC7232E1F006}"
EndProject
Project("{FAE04EC0-301F-11D3-BF4B-00C04F79EFBC}") = "Lwrp.ComponentTests.ApiToLwrp", "tests\component\Lwrp.ComponentTests.ApiToLwrp\Lwrp.ComponentTests.ApiToLwrp.csproj", "{0C8A0361-7365-4A34-ACB7-B1641A58D0A9}"
EndProject
Project("{FAE04EC0-301F-11D3-BF4B-00C04F79EFBC}") = "Lwrp.ComponentTests.UiToApi", "tests\component\Lwrp.ComponentTests.UiToApi\Lwrp.ComponentTests.UiToApi.csproj", "{B1303B81-B0E1-4080-8AE0-AE344FAA3290}"
EndProject
Project("{2150E333-8FDC-42A3-9474-1A3956D46DE8}") = "ui", "ui", "{BBB7B94B-6E11-D9F1-7BA6-9ECA82DB22BF}"
EndProject
Project("{FAE04EC0-301F-11D3-BF4B-00C04F79EFBC}") = "Lwrp.WebUi", "src\ui\Lwrp.WebUi\Lwrp.WebUi.csproj", "{00390179-67A9-4E7C-B9A8-B685E46D45C7}"
EndProject
Global
	GlobalSection(SolutionConfigurationPlatforms) = preSolution
		Debug|Any CPU = Debug|Any CPU
		Debug|x64 = Debug|x64
		Debug|x86 = Debug|x86
		Release|Any CPU = Release|Any CPU
		Release|x64 = Release|x64
		Release|x86 = Release|x86
	EndGlobalSection
	GlobalSection(ProjectConfigurationPlatforms) = postSolution
		{8DD0D6FE-66B1-4614-A7EE-B951327C3B19}.Debug|Any CPU.ActiveCfg = Debug|Any CPU
		{8DD0D6FE-66B1-4614-A7EE-B951327C3B19}.Debug|Any CPU.Build.0 = Debug|Any CPU
		{8DD0D6FE-66B1-4614-A7EE-B951327C3B19}.Debug|x64.ActiveCfg = Debug|Any CPU
		{8DD0D6FE-66B1-4614-A7EE-B951327C3B19}.Debug|x64.Build.0 = Debug|Any CPU
		{8DD0D6FE-66B1-4614-A7EE-B951327C3B19}.Debug|x86.ActiveCfg = Debug|Any CPU
		{8DD0D6FE-66B1-4614-A7EE-B951327C3B19}.Debug|x86.Build.0 = Debug|Any CPU
		{8DD0D6FE-66B1-4614-A7EE-B951327C3B19}.Release|Any CPU.ActiveCfg = Release|Any CPU
		{8DD0D6FE-66B1-4614-A7EE-B951327C3B19}.Release|Any CPU.Build.0 = Release|Any CPU
		{8DD0D6FE-66B1-4614-A7EE-B951327C3B19}.Release|x64.ActiveCfg = Release|Any CPU
		{8DD0D6FE-66B1-4614-A7EE-B951327C3B19}.Release|x64.Build.0 = Release|Any CPU
		{8DD0D6FE-66B1-4614-A7EE-B951327C3B19}.Release|x86.ActiveCfg = Release|Any CPU
		{8DD0D6FE-66B1-4614-A7EE-B951327C3B19}.Release|x86.Build.0 = Release|Any CPU
		{8ABC5208-161E-49B7-AD2C-F6D2D340F39B}.Debug|Any CPU.ActiveCfg = Debug|Any CPU
		{8ABC5208-161E-49B7-AD2C-F6D2D340F39B}.Debug|Any CPU.Build.0 = Debug|Any CPU
		{8ABC5208-161E-49B7-AD2C-F6D2D340F39B}.Debug|x64.ActiveCfg = Debug|Any CPU
		{8ABC5208-161E-49B7-AD2C-F6D2D340F39B}.Debug|x64.Build.0 = Debug|Any CPU
		{8ABC5208-161E-49B7-AD2C-F6D2D340F39B}.Debug|x86.ActiveCfg = Debug|Any CPU
		{8ABC5208-161E-49B7-AD2C-F6D2D340F39B}.Debug|x86.Build.0 = Debug|Any CPU
		{8ABC5208-161E-49B7-AD2C-F6D2D340F39B}.Release|Any CPU.ActiveCfg = Release|Any CPU
		{8ABC5208-161E-49B7-AD2C-F6D2D340F39B}.Release|Any CPU.Build.0 = Release|Any CPU
		{8ABC5208-161E-49B7-AD2C-F6D2D340F39B}.Release|x64.ActiveCfg = Release|Any CPU
		{8ABC5208-161E-49B7-AD2C-F6D2D340F39B}.Release|x64.Build.0 = Release|Any CPU
		{8ABC5208-161E-49B7-AD2C-F6D2D340F39B}.Release|x86.ActiveCfg = Release|Any CPU
		{8ABC5208-161E-49B7-AD2C-F6D2D340F39B}.Release|x86.Build.0 = Release|Any CPU
		{7081858D-F345-4CA7-9DA9-C64EEB8A0189}.Debug|Any CPU.ActiveCfg = Debug|Any CPU
		{7081858D-F345-4CA7-9DA9-C64EEB8A0189}.Debug|Any CPU.Build.0 = Debug|Any CPU
		{7081858D-F345-4CA7-9DA9-C64EEB8A0189}.Debug|x64.ActiveCfg = Debug|Any CPU
		{7081858D-F345-4CA7-9DA9-C64EEB8A0189}.Debug|x64.Build.0 = Debug|Any CPU
		{7081858D-F345-4CA7-9DA9-C64EEB8A0189}.Debug|x86.ActiveCfg = Debug|Any CPU
		{7081858D-F345-4CA7-9DA9-C64EEB8A0189}.Debug|x86.Build.0 = Debug|Any CPU
		{7081858D-F345-4CA7-9DA9-C64EEB8A0189}.Release|Any CPU.ActiveCfg = Release|Any CPU
		{7081858D-F345-4CA7-9DA9-C64EEB8A0189}.Release|Any CPU.Build.0 = Release|Any CPU
		{7081858D-F345-4CA7-9DA9-C64EEB8A0189}.Release|x64.ActiveCfg = Release|Any CPU
		{7081858D-F345-4CA7-9DA9-C64EEB8A0189}.Release|x64.Build.0 = Release|Any CPU
		{7081858D-F345-4CA7-9DA9-C64EEB8A0189}.Release|x86.ActiveCfg = Release|Any CPU
		{7081858D-F345-4CA7-9DA9-C64EEB8A0189}.Release|x86.Build.0 = Release|Any CPU
		{94DCED2A-4A3F-4202-9EA2-6218BD4BD6FD}.Debug|Any CPU.ActiveCfg = Debug|Any CPU
		{94DCED2A-4A3F-4202-9EA2-6218BD4BD6FD}.Debug|Any CPU.Build.0 = Debug|Any CPU
		{94DCED2A-4A3F-4202-9EA2-6218BD4BD6FD}.Debug|x64.ActiveCfg = Debug|Any CPU
		{94DCED2A-4A3F-4202-9EA2-6218BD4BD6FD}.Debug|x64.Build.0 = Debug|Any CPU
		{94DCED2A-4A3F-4202-9EA2-6218BD4BD6FD}.Debug|x86.ActiveCfg = Debug|Any CPU
		{94DCED2A-4A3F-4202-9EA2-6218BD4BD6FD}.Debug|x86.Build.0 = Debug|Any CPU
		{94DCED2A-4A3F-4202-9EA2-6218BD4BD6FD}.Release|Any CPU.ActiveCfg = Release|Any CPU
		{94DCED2A-4A3F-4202-9EA2-6218BD4BD6FD}.Release|Any CPU.Build.0 = Release|Any CPU
		{94DCED2A-4A3F-4202-9EA2-6218BD4BD6FD}.Release|x64.ActiveCfg = Release|Any CPU
		{94DCED2A-4A3F-4202-9EA2-6218BD4BD6FD}.Release|x64.Build.0 = Release|Any CPU
		{94DCED2A-4A3F-4202-9EA2-6218BD4BD6FD}.Release|x86.ActiveCfg = Release|Any CPU
		{94DCED2A-4A3F-4202-9EA2-6218BD4BD6FD}.Release|x86.Build.0 = Release|Any CPU
		{F0BF8AE0-7258-4CF1-95C5-A6383311C5E6}.Debug|Any CPU.ActiveCfg = Debug|Any CPU
		{F0BF8AE0-7258-4CF1-95C5-A6383311C5E6}.Debug|Any CPU.Build.0 = Debug|Any CPU
		{F0BF8AE0-7258-4CF1-95C5-A6383311C5E6}.Debug|x64.ActiveCfg = Debug|Any CPU
		{F0BF8AE0-7258-4CF1-95C5-A6383311C5E6}.Debug|x64.Build.0 = Debug|Any CPU
		{F0BF8AE0-7258-4CF1-95C5-A6383311C5E6}.Debug|x86.ActiveCfg = Debug|Any CPU
		{F0BF8AE0-7258-4CF1-95C5-A6383311C5E6}.Debug|x86.Build.0 = Debug|Any CPU
		{F0BF8AE0-7258-4CF1-95C5-A6383311C5E6}.Release|Any CPU.ActiveCfg = Release|Any CPU
		{F0BF8AE0-7258-4CF1-95C5-A6383311C5E6}.Release|Any CPU.Build.0 = Release|Any CPU
		{F0BF8AE0-7258-4CF1-95C5-A6383311C5E6}.Release|x64.ActiveCfg = Release|Any CPU
		{F0BF8AE0-7258-4CF1-95C5-A6383311C5E6}.Release|x64.Build.0 = Release|Any CPU
		{F0BF8AE0-7258-4CF1-95C5-A6383311C5E6}.Release|x86.ActiveCfg = Release|Any CPU
		{F0BF8AE0-7258-4CF1-95C5-A6383311C5E6}.Release|x86.Build.0 = Release|Any CPU
		{D843D0ED-C508-47FF-992A-0CC19516A6E1}.Debug|Any CPU.ActiveCfg = Debug|Any CPU
		{D843D0ED-C508-47FF-992A-0CC19516A6E1}.Debug|Any CPU.Build.0 = Debug|Any CPU
		{D843D0ED-C508-47FF-992A-0CC19516A6E1}.Debug|x64.ActiveCfg = Debug|Any CPU
		{D843D0ED-C508-47FF-992A-0CC19516A6E1}.Debug|x64.Build.0 = Debug|Any CPU
		{D843D0ED-C508-47FF-992A-0CC19516A6E1}.Debug|x86.ActiveCfg = Debug|Any CPU
		{D843D0ED-C508-47FF-992A-0CC19516A6E1}.Debug|x86.Build.0 = Debug|Any CPU
		{D843D0ED-C508-47FF-992A-0CC19516A6E1}.Release|Any CPU.ActiveCfg = Release|Any CPU
		{D843D0ED-C508-47FF-992A-0CC19516A6E1}.Release|Any CPU.Build.0 = Release|Any CPU
		{D843D0ED-C508-47FF-992A-0CC19516A6E1}.Release|x64.ActiveCfg = Release|Any CPU
		{D843D0ED-C508-47FF-992A-0CC19516A6E1}.Release|x64.Build.0 = Release|Any CPU
		{D843D0ED-C508-47FF-992A-0CC19516A6E1}.Release|x86.ActiveCfg = Release|Any CPU
		{D843D0ED-C508-47FF-992A-0CC19516A6E1}.Release|x86.Build.0 = Release|Any CPU
		{E16846D2-D3A4-4E8D-8A06-60B904201431}.Debug|Any CPU.ActiveCfg = Debug|Any CPU
		{E16846D2-D3A4-4E8D-8A06-60B904201431}.Debug|Any CPU.Build.0 = Debug|Any CPU
		{E16846D2-D3A4-4E8D-8A06-60B904201431}.Debug|x64.ActiveCfg = Debug|Any CPU
		{E16846D2-D3A4-4E8D-8A06-60B904201431}.Debug|x64.Build.0 = Debug|Any CPU
		{E16846D2-D3A4-4E8D-8A06-60B904201431}.Debug|x86.ActiveCfg = Debug|Any CPU
		{E16846D2-D3A4-4E8D-8A06-60B904201431}.Debug|x86.Build.0 = Debug|Any CPU
		{E16846D2-D3A4-4E8D-8A06-60B904201431}.Release|Any CPU.ActiveCfg = Release|Any CPU
		{E16846D2-D3A4-4E8D-8A06-60B904201431}.Release|Any CPU.Build.0 = Release|Any CPU
		{E16846D2-D3A4-4E8D-8A06-60B904201431}.Release|x64.ActiveCfg = Release|Any CPU
		{E16846D2-D3A4-4E8D-8A06-60B904201431}.Release|x64.Build.0 = Release|Any CPU
		{E16846D2-D3A4-4E8D-8A06-60B904201431}.Release|x86.ActiveCfg = Release|Any CPU
		{E16846D2-D3A4-4E8D-8A06-60B904201431}.Release|x86.Build.0 = Release|Any CPU
		{D72EDD98-DF42-4816-82B0-EE9C04765921}.Debug|Any CPU.ActiveCfg = Debug|Any CPU
		{D72EDD98-DF42-4816-82B0-EE9C04765921}.Debug|Any CPU.Build.0 = Debug|Any CPU
		{D72EDD98-DF42-4816-82B0-EE9C04765921}.Debug|x64.ActiveCfg = Debug|Any CPU
		{D72EDD98-DF42-4816-82B0-EE9C04765921}.Debug|x64.Build.0 = Debug|Any CPU
		{D72EDD98-DF42-4816-82B0-EE9C04765921}.Debug|x86.ActiveCfg = Debug|Any CPU
		{D72EDD98-DF42-4816-82B0-EE9C04765921}.Debug|x86.Build.0 = Debug|Any CPU
		{D72EDD98-DF42-4816-82B0-EE9C04765921}.Release|Any CPU.ActiveCfg = Release|Any CPU
		{D72EDD98-DF42-4816-82B0-EE9C04765921}.Release|Any CPU.Build.0 = Release|Any CPU
		{D72EDD98-DF42-4816-82B0-EE9C04765921}.Release|x64.ActiveCfg = Release|Any CPU
		{D72EDD98-DF42-4816-82B0-EE9C04765921}.Release|x64.Build.0 = Release|Any CPU
		{D72EDD98-DF42-4816-82B0-EE9C04765921}.Release|x86.ActiveCfg = Release|Any CPU
		{D72EDD98-DF42-4816-82B0-EE9C04765921}.Release|x86.Build.0 = Release|Any CPU
		{0790F2C8-6C8A-490F-B3FF-9EE3D2F4E611}.Debug|Any CPU.ActiveCfg = Debug|Any CPU
		{0790F2C8-6C8A-490F-B3FF-9EE3D2F4E611}.Debug|Any CPU.Build.0 = Debug|Any CPU
		{0790F2C8-6C8A-490F-B3FF-9EE3D2F4E611}.Debug|x64.ActiveCfg = Debug|Any CPU
		{0790F2C8-6C8A-490F-B3FF-9EE3D2F4E611}.Debug|x64.Build.0 = Debug|Any CPU
		{0790F2C8-6C8A-490F-B3FF-9EE3D2F4E611}.Debug|x86.ActiveCfg = Debug|Any CPU
		{0790F2C8-6C8A-490F-B3FF-9EE3D2F4E611}.Debug|x86.Build.0 = Debug|Any CPU
		{0790F2C8-6C8A-490F-B3FF-9EE3D2F4E611}.Release|Any CPU.ActiveCfg = Release|Any CPU
		{0790F2C8-6C8A-490F-B3FF-9EE3D2F4E611}.Release|Any CPU.Build.0 = Release|Any CPU
		{0790F2C8-6C8A-490F-B3FF-9EE3D2F4E611}.Release|x64.ActiveCfg = Release|Any CPU
		{0790F2C8-6C8A-490F-B3FF-9EE3D2F4E611}.Release|x64.Build.0 = Release|Any CPU
		{0790F2C8-6C8A-490F-B3FF-9EE3D2F4E611}.Release|x86.ActiveCfg = Release|Any CPU
		{0790F2C8-6C8A-490F-B3FF-9EE3D2F4E611}.Release|x86.Build.0 = Release|Any CPU
		{D20A8CD8-0970-44F9-86C5-4BFC2D24F33C}.Debug|Any CPU.ActiveCfg = Debug|Any CPU
		{D20A8CD8-0970-44F9-86C5-4BFC2D24F33C}.Debug|Any CPU.Build.0 = Debug|Any CPU
		{D20A8CD8-0970-44F9-86C5-4BFC2D24F33C}.Debug|x64.ActiveCfg = Debug|Any CPU
		{D20A8CD8-0970-44F9-86C5-4BFC2D24F33C}.Debug|x64.Build.0 = Debug|Any CPU
		{D20A8CD8-0970-44F9-86C5-4BFC2D24F33C}.Debug|x86.ActiveCfg = Debug|Any CPU
		{D20A8CD8-0970-44F9-86C5-4BFC2D24F33C}.Debug|x86.Build.0 = Debug|Any CPU
		{D20A8CD8-0970-44F9-86C5-4BFC2D24F33C}.Release|Any CPU.ActiveCfg = Release|Any CPU
		{D20A8CD8-0970-44F9-86C5-4BFC2D24F33C}.Release|Any CPU.Build.0 = Release|Any CPU
		{D20A8CD8-0970-44F9-86C5-4BFC2D24F33C}.Release|x64.ActiveCfg = Release|Any CPU
		{D20A8CD8-0970-44F9-86C5-4BFC2D24F33C}.Release|x64.Build.0 = Release|Any CPU
		{D20A8CD8-0970-44F9-86C5-4BFC2D24F33C}.Release|x86.ActiveCfg = Release|Any CPU
		{D20A8CD8-0970-44F9-86C5-4BFC2D24F33C}.Release|x86.Build.0 = Release|Any CPU
		{0C8A0361-7365-4A34-ACB7-B1641A58D0A9}.Debug|Any CPU.ActiveCfg = Debug|Any CPU
		{0C8A0361-7365-4A34-ACB7-B1641A58D0A9}.Debug|Any CPU.Build.0 = Debug|Any CPU
		{0C8A0361-7365-4A34-ACB7-B1641A58D0A9}.Debug|x64.ActiveCfg = Debug|Any CPU
		{0C8A0361-7365-4A34-ACB7-B1641A58D0A9}.Debug|x64.Build.0 = Debug|Any CPU
		{0C8A0361-7365-4A34-ACB7-B1641A58D0A9}.Debug|x86.ActiveCfg = Debug|Any CPU
		{0C8A0361-7365-4A34-ACB7-B1641A58D0A9}.Debug|x86.Build.0 = Debug|Any CPU
		{0C8A0361-7365-4A34-ACB7-B1641A58D0A9}.Release|Any CPU.ActiveCfg = Release|Any CPU
		{0C8A0361-7365-4A34-ACB7-B1641A58D0A9}.Release|Any CPU.Build.0 = Release|Any CPU
		{0C8A0361-7365-4A34-ACB7-B1641A58D0A9}.Release|x64.ActiveCfg = Release|Any CPU
		{0C8A0361-7365-4A34-ACB7-B1641A58D0A9}.Release|x64.Build.0 = Release|Any CPU
		{0C8A0361-7365-4A34-ACB7-B1641A58D0A9}.Release|x86.ActiveCfg = Release|Any CPU
		{0C8A0361-7365-4A34-ACB7-B1641A58D0A9}.Release|x86.Build.0 = Release|Any CPU
		{B1303B81-B0E1-4080-8AE0-AE344FAA3290}.Debug|Any CPU.ActiveCfg = Debug|Any CPU
		{B1303B81-B0E1-4080-8AE0-AE344FAA3290}.Debug|Any CPU.Build.0 = Debug|Any CPU
		{B1303B81-B0E1-4080-8AE0-AE344FAA3290}.Debug|x64.ActiveCfg = Debug|Any CPU
		{B1303B81-B0E1-4080-8AE0-AE344FAA3290}.Debug|x64.Build.0 = Debug|Any CPU
		{B1303B81-B0E1-4080-8AE0-AE344FAA3290}.Debug|x86.ActiveCfg = Debug|Any CPU
		{B1303B81-B0E1-4080-8AE0-AE344FAA3290}.Debug|x86.Build.0 = Debug|Any CPU
		{B1303B81-B0E1-4080-8AE0-AE344FAA3290}.Release|Any CPU.ActiveCfg = Release|Any CPU
		{B1303B81-B0E1-4080-8AE0-AE344FAA3290}.Release|Any CPU.Build.0 = Release|Any CPU
		{B1303B81-B0E1-4080-8AE0-AE344FAA3290}.Release|x64.ActiveCfg = Release|Any CPU
		{B1303B81-B0E1-4080-8AE0-AE344FAA3290}.Release|x64.Build.0 = Release|Any CPU
		{B1303B81-B0E1-4080-8AE0-AE344FAA3290}.Release|x86.ActiveCfg = Release|Any CPU
		{B1303B81-B0E1-4080-8AE0-AE344FAA3290}.Release|x86.Build.0 = Release|Any CPU
		{00390179-67A9-4E7C-B9A8-B685E46D45C7}.Debug|Any CPU.ActiveCfg = Debug|Any CPU
		{00390179-67A9-4E7C-B9A8-B685E46D45C7}.Debug|Any CPU.Build.0 = Debug|Any CPU
		{00390179-67A9-4E7C-B9A8-B685E46D45C7}.Debug|x64.ActiveCfg = Debug|Any CPU
		{00390179-67A9-4E7C-B9A8-B685E46D45C7}.Debug|x64.Build.0 = Debug|Any CPU
		{00390179-67A9-4E7C-B9A8-B685E46D45C7}.Debug|x86.ActiveCfg = Debug|Any CPU
		{00390179-67A9-4E7C-B9A8-B685E46D45C7}.Debug|x86.Build.0 = Debug|Any CPU
		{00390179-67A9-4E7C-B9A8-B685E46D45C7}.Release|Any CPU.ActiveCfg = Release|Any CPU
		{00390179-67A9-4E7C-B9A8-B685E46D45C7}.Release|Any CPU.Build.0 = Release|Any CPU
		{00390179-67A9-4E7C-B9A8-B685E46D45C7}.Release|x64.ActiveCfg = Release|Any CPU
		{00390179-67A9-4E7C-B9A8-B685E46D45C7}.Release|x64.Build.0 = Release|Any CPU
		{00390179-67A9-4E7C-B9A8-B685E46D45C7}.Release|x86.ActiveCfg = Release|Any CPU
		{00390179-67A9-4E7C-B9A8-B685E46D45C7}.Release|x86.Build.0 = Release|Any CPU
	EndGlobalSection
	GlobalSection(SolutionProperties) = preSolution
		HideSolutionNode = FALSE
	EndGlobalSection
	GlobalSection(NestedProjects) = preSolution
		{8D626EA8-CB54-BC41-363A-217881BEBA6E} = {827E0CD3-B72D-47B6-A68D-7590B98EB39B}
		{8DD0D6FE-66B1-4614-A7EE-B951327C3B19} = {8D626EA8-CB54-BC41-363A-217881BEBA6E}
		{8ABC5208-161E-49B7-AD2C-F6D2D340F39B} = {8D626EA8-CB54-BC41-363A-217881BEBA6E}
		{9048EB7F-3875-A59E-E36B-5BD4C6F2A282} = {827E0CD3-B72D-47B6-A68D-7590B98EB39B}
		{7081858D-F345-4CA7-9DA9-C64EEB8A0189} = {9048EB7F-3875-A59E-E36B-5BD4C6F2A282}
		{94DCED2A-4A3F-4202-9EA2-6218BD4BD6FD} = {9048EB7F-3875-A59E-E36B-5BD4C6F2A282}
		{81034408-37C8-1011-444E-4C15C2FADA8E} = {827E0CD3-B72D-47B6-A68D-7590B98EB39B}
		{F0BF8AE0-7258-4CF1-95C5-A6383311C5E6} = {81034408-37C8-1011-444E-4C15C2FADA8E}
		{C8E42992-5E42-0C2B-DBFE-AA848D06431C} = {827E0CD3-B72D-47B6-A68D-7590B98EB39B}
		{D843D0ED-C508-47FF-992A-0CC19516A6E1} = {C8E42992-5E42-0C2B-DBFE-AA848D06431C}
		{9D556B49-86D1-93A7-9596-FFAAB74EC556} = {0AB3BF05-4346-4AA6-1389-037BE0695223}
		{E16846D2-D3A4-4E8D-8A06-60B904201431} = {9D556B49-86D1-93A7-9596-FFAAB74EC556}
		{D72EDD98-DF42-4816-82B0-EE9C04765921} = {9D556B49-86D1-93A7-9596-FFAAB74EC556}
		{28A6993C-471E-82FE-7D9E-AD3B1EC22BD9} = {0AB3BF05-4346-4AA6-1389-037BE0695223}
		{0790F2C8-6C8A-490F-B3FF-9EE3D2F4E611} = {28A6993C-471E-82FE-7D9E-AD3B1EC22BD9}
		{D20A8CD8-0970-44F9-86C5-4BFC2D24F33C} = {28A6993C-471E-82FE-7D9E-AD3B1EC22BD9}
		{E534675D-23C0-DA13-A357-BC7232E1F006} = {0AB3BF05-4346-4AA6-1389-037BE0695223}
		{0C8A0361-7365-4A34-ACB7-B1641A58D0A9} = {E534675D-23C0-DA13-A357-BC7232E1F006}
		{B1303B81-B0E1-4080-8AE0-AE344FAA3290} = {E534675D-23C0-DA13-A357-BC7232E1F006}
		{BBB7B94B-6E11-D9F1-7BA6-9ECA82DB22BF} = {827E0CD3-B72D-47B6-A68D-7590B98EB39B}
		{00390179-67A9-4E7C-B9A8-B685E46D45C7} = {BBB7B94B-6E11-D9F1-7BA6-9ECA82DB22BF}
	EndGlobalSection
EndGlobal
