
Microsoft Visual Studio Solution File, Format Version 12.00
# Visual Studio Version 17
VisualStudioVersion = 17.0.31903.59
MinimumVisualStudioVersion = 10.0.40219.1
Project("{2150E333-8FDC-42A3-9474-1A3956D46DE8}") = "src", "src", "{827E0CD3-B72D-47B6-A68D-7590B98EB39B}"
EndProject
Project("{2150E333-8FDC-42A3-9474-1A3956D46DE8}") = "core", "core", "{8D626EA8-CB54-BC41-363A-217881BEBA6E}"
EndProject
Project("{FAE04EC0-301F-11D3-BF4B-00C04F79EFBC}") = "Lwrp.Domain", "src\core\Lwrp.Domain\Lwrp.Domain.csproj", "{EA6C8770-0E6F-4C23-9B1E-D6A27BD4CCB1}"
EndProject
Project("{FAE04EC0-301F-11D3-BF4B-00C04F79EFBC}") = "Lwrp.Application", "src\core\Lwrp.Application\Lwrp.Application.csproj", "{F3F3CBEF-B881-478C-BD2A-C9069EFBD8BE}"
EndProject
Project("{2150E333-8FDC-42A3-9474-1A3956D46DE8}") = "infrastructure", "infrastructure", "{9048EB7F-3875-A59E-E36B-5BD4C6F2A282}"
EndProject
Project("{FAE04EC0-301F-11D3-BF4B-00C04F79EFBC}") = "Lwrp.LivewireClient", "src\infrastructure\Lwrp.LivewireClient\Lwrp.LivewireClient.csproj", "{BB547D75-1F72-4A13-8065-2BE3FC4ABF0A}"
EndProject
Project("{FAE04EC0-301F-11D3-BF4B-00C04F79EFBC}") = "Lwrp.Persistence", "src\infrastructure\Lwrp.Persistence\Lwrp.Persistence.csproj", "{5643B501-C457-4534-B3CD-52EC15B3AF9E}"
EndProject
Project("{2150E333-8FDC-42A3-9474-1A3956D46DE8}") = "api", "api", "{81034408-37C8-1011-444E-4C15C2FADA8E}"
EndProject
Project("{FAE04EC0-301F-11D3-BF4B-00C04F79EFBC}") = "Lwrp.Api", "src\api\Lwrp.Api\Lwrp.Api.csproj", "{76D586F9-A2A1-451B-A00F-D57E725D2A8F}"
EndProject
Global
	GlobalSection(SolutionConfigurationPlatforms) = preSolution
		Debug|Any CPU = Debug|Any CPU
		Debug|x64 = Debug|x64
		Debug|x86 = Debug|x86
		Release|Any CPU = Release|Any CPU
		Release|x64 = Release|x64
		Release|x86 = Release|x86
	EndGlobalSection
	GlobalSection(ProjectConfigurationPlatforms) = postSolution
		{EA6C8770-0E6F-4C23-9B1E-D6A27BD4CCB1}.Debug|Any CPU.ActiveCfg = Debug|Any CPU
		{EA6C8770-0E6F-4C23-9B1E-D6A27BD4CCB1}.Debug|Any CPU.Build.0 = Debug|Any CPU
		{EA6C8770-0E6F-4C23-9B1E-D6A27BD4CCB1}.Debug|x64.ActiveCfg = Debug|Any CPU
		{EA6C8770-0E6F-4C23-9B1E-D6A27BD4CCB1}.Debug|x64.Build.0 = Debug|Any CPU
		{EA6C8770-0E6F-4C23-9B1E-D6A27BD4CCB1}.Debug|x86.ActiveCfg = Debug|Any CPU
		{EA6C8770-0E6F-4C23-9B1E-D6A27BD4CCB1}.Debug|x86.Build.0 = Debug|Any CPU
		{EA6C8770-0E6F-4C23-9B1E-D6A27BD4CCB1}.Release|Any CPU.ActiveCfg = Release|Any CPU
		{EA6C8770-0E6F-4C23-9B1E-D6A27BD4CCB1}.Release|Any CPU.Build.0 = Release|Any CPU
		{EA6C8770-0E6F-4C23-9B1E-D6A27BD4CCB1}.Release|x64.ActiveCfg = Release|Any CPU
		{EA6C8770-0E6F-4C23-9B1E-D6A27BD4CCB1}.Release|x64.Build.0 = Release|Any CPU
		{EA6C8770-0E6F-4C23-9B1E-D6A27BD4CCB1}.Release|x86.ActiveCfg = Release|Any CPU
		{EA6C8770-0E6F-4C23-9B1E-D6A27BD4CCB1}.Release|x86.Build.0 = Release|Any CPU
		{F3F3CBEF-B881-478C-BD2A-C9069EFBD8BE}.Debug|Any CPU.ActiveCfg = Debug|Any CPU
		{F3F3CBEF-B881-478C-BD2A-C9069EFBD8BE}.Debug|Any CPU.Build.0 = Debug|Any CPU
		{F3F3CBEF-B881-478C-BD2A-C9069EFBD8BE}.Debug|x64.ActiveCfg = Debug|Any CPU
		{F3F3CBEF-B881-478C-BD2A-C9069EFBD8BE}.Debug|x64.Build.0 = Debug|Any CPU
		{F3F3CBEF-B881-478C-BD2A-C9069EFBD8BE}.Debug|x86.ActiveCfg = Debug|Any CPU
		{F3F3CBEF-B881-478C-BD2A-C9069EFBD8BE}.Debug|x86.Build.0 = Debug|Any CPU
		{F3F3CBEF-B881-478C-BD2A-C9069EFBD8BE}.Release|Any CPU.ActiveCfg = Release|Any CPU
		{F3F3CBEF-B881-478C-BD2A-C9069EFBD8BE}.Release|Any CPU.Build.0 = Release|Any CPU
		{F3F3CBEF-B881-478C-BD2A-C9069EFBD8BE}.Release|x64.ActiveCfg = Release|Any CPU
		{F3F3CBEF-B881-478C-BD2A-C9069EFBD8BE}.Release|x64.Build.0 = Release|Any CPU
		{F3F3CBEF-B881-478C-BD2A-C9069EFBD8BE}.Release|x86.ActiveCfg = Release|Any CPU
		{F3F3CBEF-B881-478C-BD2A-C9069EFBD8BE}.Release|x86.Build.0 = Release|Any CPU
		{BB547D75-1F72-4A13-8065-2BE3FC4ABF0A}.Debug|Any CPU.ActiveCfg = Debug|Any CPU
		{BB547D75-1F72-4A13-8065-2BE3FC4ABF0A}.Debug|Any CPU.Build.0 = Debug|Any CPU
		{BB547D75-1F72-4A13-8065-2BE3FC4ABF0A}.Debug|x64.ActiveCfg = Debug|Any CPU
		{BB547D75-1F72-4A13-8065-2BE3FC4ABF0A}.Debug|x64.Build.0 = Debug|Any CPU
		{BB547D75-1F72-4A13-8065-2BE3FC4ABF0A}.Debug|x86.ActiveCfg = Debug|Any CPU
		{BB547D75-1F72-4A13-8065-2BE3FC4ABF0A}.Debug|x86.Build.0 = Debug|Any CPU
		{BB547D75-1F72-4A13-8065-2BE3FC4ABF0A}.Release|Any CPU.ActiveCfg = Release|Any CPU
		{BB547D75-1F72-4A13-8065-2BE3FC4ABF0A}.Release|Any CPU.Build.0 = Release|Any CPU
		{BB547D75-1F72-4A13-8065-2BE3FC4ABF0A}.Release|x64.ActiveCfg = Release|Any CPU
		{BB547D75-1F72-4A13-8065-2BE3FC4ABF0A}.Release|x64.Build.0 = Release|Any CPU
		{BB547D75-1F72-4A13-8065-2BE3FC4ABF0A}.Release|x86.ActiveCfg = Release|Any CPU
		{BB547D75-1F72-4A13-8065-2BE3FC4ABF0A}.Release|x86.Build.0 = Release|Any CPU
		{5643B501-C457-4534-B3CD-52EC15B3AF9E}.Debug|Any CPU.ActiveCfg = Debug|Any CPU
		{5643B501-C457-4534-B3CD-52EC15B3AF9E}.Debug|Any CPU.Build.0 = Debug|Any CPU
		{5643B501-C457-4534-B3CD-52EC15B3AF9E}.Debug|x64.ActiveCfg = Debug|Any CPU
		{5643B501-C457-4534-B3CD-52EC15B3AF9E}.Debug|x64.Build.0 = Debug|Any CPU
		{5643B501-C457-4534-B3CD-52EC15B3AF9E}.Debug|x86.ActiveCfg = Debug|Any CPU
		{5643B501-C457-4534-B3CD-52EC15B3AF9E}.Debug|x86.Build.0 = Debug|Any CPU
		{5643B501-C457-4534-B3CD-52EC15B3AF9E}.Release|Any CPU.ActiveCfg = Release|Any CPU
		{5643B501-C457-4534-B3CD-52EC15B3AF9E}.Release|Any CPU.Build.0 = Release|Any CPU
		{5643B501-C457-4534-B3CD-52EC15B3AF9E}.Release|x64.ActiveCfg = Release|Any CPU
		{5643B501-C457-4534-B3CD-52EC15B3AF9E}.Release|x64.Build.0 = Release|Any CPU
		{5643B501-C457-4534-B3CD-52EC15B3AF9E}.Release|x86.ActiveCfg = Release|Any CPU
		{5643B501-C457-4534-B3CD-52EC15B3AF9E}.Release|x86.Build.0 = Release|Any CPU
		{76D586F9-A2A1-451B-A00F-D57E725D2A8F}.Debug|Any CPU.ActiveCfg = Debug|Any CPU
		{76D586F9-A2A1-451B-A00F-D57E725D2A8F}.Debug|Any CPU.Build.0 = Debug|Any CPU
		{76D586F9-A2A1-451B-A00F-D57E725D2A8F}.Debug|x64.ActiveCfg = Debug|Any CPU
		{76D586F9-A2A1-451B-A00F-D57E725D2A8F}.Debug|x64.Build.0 = Debug|Any CPU
		{76D586F9-A2A1-451B-A00F-D57E725D2A8F}.Debug|x86.ActiveCfg = Debug|Any CPU
		{76D586F9-A2A1-451B-A00F-D57E725D2A8F}.Debug|x86.Build.0 = Debug|Any CPU
		{76D586F9-A2A1-451B-A00F-D57E725D2A8F}.Release|Any CPU.ActiveCfg = Release|Any CPU
		{76D586F9-A2A1-451B-A00F-D57E725D2A8F}.Release|Any CPU.Build.0 = Release|Any CPU
		{76D586F9-A2A1-451B-A00F-D57E725D2A8F}.Release|x64.ActiveCfg = Release|Any CPU
		{76D586F9-A2A1-451B-A00F-D57E725D2A8F}.Release|x64.Build.0 = Release|Any CPU
		{76D586F9-A2A1-451B-A00F-D57E725D2A8F}.Release|x86.ActiveCfg = Release|Any CPU
		{76D586F9-A2A1-451B-A00F-D57E725D2A8F}.Release|x86.Build.0 = Release|Any CPU
	EndGlobalSection
	GlobalSection(SolutionProperties) = preSolution
		HideSolutionNode = FALSE
	EndGlobalSection
	GlobalSection(NestedProjects) = preSolution
		{8D626EA8-CB54-BC41-363A-217881BEBA6E} = {827E0CD3-B72D-47B6-A68D-7590B98EB39B}
		{EA6C8770-0E6F-4C23-9B1E-D6A27BD4CCB1} = {8D626EA8-CB54-BC41-363A-217881BEBA6E}
		{F3F3CBEF-B881-478C-BD2A-C9069EFBD8BE} = {8D626EA8-CB54-BC41-363A-217881BEBA6E}
		{9048EB7F-3875-A59E-E36B-5BD4C6F2A282} = {827E0CD3-B72D-47B6-A68D-7590B98EB39B}
		{BB547D75-1F72-4A13-8065-2BE3FC4ABF0A} = {9048EB7F-3875-A59E-E36B-5BD4C6F2A282}
		{5643B501-C457-4534-B3CD-52EC15B3AF9E} = {9048EB7F-3875-A59E-E36B-5BD4C6F2A282}
		{81034408-37C8-1011-444E-4C15C2FADA8E} = {827E0CD3-B72D-47B6-A68D-7590B98EB39B}
		{76D586F9-A2A1-451B-A00F-D57E725D2A8F} = {81034408-37C8-1011-444E-4C15C2FADA8E}
	EndGlobalSection
EndGlobal
